
Microsoft Visual Studio Solution File, Format Version 12.00
# Visual Studio Version 17
VisualStudioVersion = 17.5.33414.496
MinimumVisualStudioVersion = 10.0.40219.1
Project("{FAE04EC0-301F-11D3-BF4B-00C04F79EFBC}") = "CleanArchitecture.Core", "CleanArchitecture.Core\CleanArchitecture.Core.csproj", "{CEBE828C-B4CE-4A2F-ADE7-8B2A280011DA}"
EndProject
Project("{FAE04EC0-301F-11D3-BF4B-00C04F79EFBC}") = "CleanArchitecture.Application", "CleanArchitecture.Application\CleanArchitecture.Application.csproj", "{C7457F8D-0491-4054-B693-BDC7A02A94F3}"
EndProject
Project("{FAE04EC0-301F-11D3-BF4B-00C04F79EFBC}") = "CleanArchitecture.Logging", "CleanArchitecture.Logging\CleanArchitecture.Logging.csproj", "{0DDECDF9-4AAA-49B4-A711-B5950FF4B79F}"
EndProject
Project("{FAE04EC0-301F-11D3-BF4B-00C04F79EFBC}") = "CleanArchitecture.Sql", "CleanArchitecture.Sql\CleanArchitecture.Sql.csproj", "{7CE826F9-927F-4FB5-AAEA-B87FF172885F}"
EndProject
Project("{FAE04EC0-301F-11D3-BF4B-00C04F79EFBC}") = "CleanArchitecture.Infrastructure", "CleanArchitecture.Infrastructure\CleanArchitecture.Infrastructure.csproj", "{52FB6C8E-E533-4FCC-803E-AFA78068CF7F}"
EndProject
Global
	GlobalSection(SolutionConfigurationPlatforms) = preSolution
		Debug|Any CPU = Debug|Any CPU
		Release|Any CPU = Release|Any CPU
	EndGlobalSection
	GlobalSection(ProjectConfigurationPlatforms) = postSolution
		{CEBE828C-B4CE-4A2F-ADE7-8B2A280011DA}.Debug|Any CPU.ActiveCfg = Debug|Any CPU
		{CEBE828C-B4CE-4A2F-ADE7-8B2A280011DA}.Debug|Any CPU.Build.0 = Debug|Any CPU
		{CEBE828C-B4CE-4A2F-ADE7-8B2A280011DA}.Release|Any CPU.ActiveCfg = Release|Any CPU
		{CEBE828C-B4CE-4A2F-ADE7-8B2A280011DA}.Release|Any CPU.Build.0 = Release|Any CPU
		{C7457F8D-0491-4054-B693-BDC7A02A94F3}.Debug|Any CPU.ActiveCfg = Debug|Any CPU
		{C7457F8D-0491-4054-B693-BDC7A02A94F3}.Debug|Any CPU.Build.0 = Debug|Any CPU
		{C7457F8D-0491-4054-B693-BDC7A02A94F3}.Release|Any CPU.ActiveCfg = Release|Any CPU
		{C7457F8D-0491-4054-B693-BDC7A02A94F3}.Release|Any CPU.Build.0 = Release|Any CPU
		{0DDECDF9-4AAA-49B4-A711-B5950FF4B79F}.Debug|Any CPU.ActiveCfg = Debug|Any CPU
		{0DDECDF9-4AAA-49B4-A711-B5950FF4B79F}.Debug|Any CPU.Build.0 = Debug|Any CPU
		{0DDECDF9-4AAA-49B4-A711-B5950FF4B79F}.Release|Any CPU.ActiveCfg = Release|Any CPU
		{0DDECDF9-4AAA-49B4-A711-B5950FF4B79F}.Release|Any CPU.Build.0 = Release|Any CPU
		{7CE826F9-927F-4FB5-AAEA-B87FF172885F}.Debug|Any CPU.ActiveCfg = Debug|Any CPU
		{7CE826F9-927F-4FB5-AAEA-B87FF172885F}.Debug|Any CPU.Build.0 = Debug|Any CPU
		{7CE826F9-927F-4FB5-AAEA-B87FF172885F}.Release|Any CPU.ActiveCfg = Release|Any CPU
		{7CE826F9-927F-4FB5-AAEA-B87FF172885F}.Release|Any CPU.Build.0 = Release|Any CPU
		{52FB6C8E-E533-4FCC-803E-AFA78068CF7F}.Debug|Any CPU.ActiveCfg = Debug|Any CPU
		{52FB6C8E-E533-4FCC-803E-AFA78068CF7F}.Debug|Any CPU.Build.0 = Debug|Any CPU
		{52FB6C8E-E533-4FCC-803E-AFA78068CF7F}.Release|Any CPU.ActiveCfg = Release|Any CPU
		{52FB6C8E-E533-4FCC-803E-AFA78068CF7F}.Release|Any CPU.Build.0 = Release|Any CPU
	EndGlobalSection
	GlobalSection(SolutionProperties) = preSolution
		HideSolutionNode = FALSE
	EndGlobalSection
	GlobalSection(ExtensibilityGlobals) = postSolution
		SolutionGuid = {E2F9042B-A7F4-43A3-AADD-9BB90113A1B7}
	EndGlobalSection
EndGlobal
